// !$*UTF8*$!
{
	archiveVersion = 1;
	classes = {
	};
	objectVersion = 46;
	objects = {

/* Begin PBXBuildFile section */
		D4AC44C11B31B15900488460 /* Images.xcassets in Resources */ = {isa = PBXBuildFile; fileRef = D4AC44C01B31B15900488460 /* Images.xcassets */; };
		D4AC44E21B31B6B500488460 /* 1.plist in Resources */ = {isa = PBXBuildFile; fileRef = D4AC44E11B31B6B500488460 /* 1.plist */; };
		D4DFD40C1B83612F00B64797 /* MJArgument.m in Sources */ = {isa = PBXBuildFile; fileRef = D4DFD3C91B83612F00B64797 /* MJArgument.m */; };
		D4DFD40D1B83612F00B64797 /* MJConst.m in Sources */ = {isa = PBXBuildFile; fileRef = D4DFD3CB1B83612F00B64797 /* MJConst.m */; };
		D4DFD40E1B83612F00B64797 /* MJFoundation.m in Sources */ = {isa = PBXBuildFile; fileRef = D4DFD3CE1B83612F00B64797 /* MJFoundation.m */; };
		D4DFD40F1B83612F00B64797 /* MJIvar.m in Sources */ = {isa = PBXBuildFile; fileRef = D4DFD3D01B83612F00B64797 /* MJIvar.m */; };
		D4DFD4101B83612F00B64797 /* MJMember.m in Sources */ = {isa = PBXBuildFile; fileRef = D4DFD3D21B83612F00B64797 /* MJMember.m */; };
		D4DFD4111B83612F00B64797 /* MJMethod.m in Sources */ = {isa = PBXBuildFile; fileRef = D4DFD3D41B83612F00B64797 /* MJMethod.m */; };
		D4DFD4121B83612F00B64797 /* MJType.m in Sources */ = {isa = PBXBuildFile; fileRef = D4DFD3D61B83612F00B64797 /* MJType.m */; };
		D4DFD4131B83612F00B64797 /* MJTypeEncoding.m in Sources */ = {isa = PBXBuildFile; fileRef = D4DFD3D81B83612F00B64797 /* MJTypeEncoding.m */; };
		D4DFD4141B83612F00B64797 /* NSObject+MJCoding.m in Sources */ = {isa = PBXBuildFile; fileRef = D4DFD3DA1B83612F00B64797 /* NSObject+MJCoding.m */; };
		D4DFD4151B83612F00B64797 /* NSObject+MJKeyValue.m in Sources */ = {isa = PBXBuildFile; fileRef = D4DFD3DC1B83612F00B64797 /* NSObject+MJKeyValue.m */; };
		D4DFD4161B83612F00B64797 /* NSObject+MJMember.m in Sources */ = {isa = PBXBuildFile; fileRef = D4DFD3DE1B83612F00B64797 /* NSObject+MJMember.m */; };
		D4DFD4171B83612F00B64797 /* MKAnnotationView+WebCache.m in Sources */ = {isa = PBXBuildFile; fileRef = D4DFD3E11B83612F00B64797 /* MKAnnotationView+WebCache.m */; };
		D4DFD4181B83612F00B64797 /* NSData+ImageContentType.m in Sources */ = {isa = PBXBuildFile; fileRef = D4DFD3E31B83612F00B64797 /* NSData+ImageContentType.m */; };
		D4DFD4191B83612F00B64797 /* SDImageCache.m in Sources */ = {isa = PBXBuildFile; fileRef = D4DFD3E51B83612F00B64797 /* SDImageCache.m */; };
		D4DFD41A1B83612F00B64797 /* SDWebImageCompat.m in Sources */ = {isa = PBXBuildFile; fileRef = D4DFD3E71B83612F00B64797 /* SDWebImageCompat.m */; };
		D4DFD41B1B83612F00B64797 /* SDWebImageDecoder.m in Sources */ = {isa = PBXBuildFile; fileRef = D4DFD3E91B83612F00B64797 /* SDWebImageDecoder.m */; };
		D4DFD41C1B83612F00B64797 /* SDWebImageDownloader.m in Sources */ = {isa = PBXBuildFile; fileRef = D4DFD3EB1B83612F00B64797 /* SDWebImageDownloader.m */; };
		D4DFD41D1B83612F00B64797 /* SDWebImageDownloaderOperation.m in Sources */ = {isa = PBXBuildFile; fileRef = D4DFD3ED1B83612F00B64797 /* SDWebImageDownloaderOperation.m */; };
		D4DFD41E1B83612F00B64797 /* SDWebImageManager.m in Sources */ = {isa = PBXBuildFile; fileRef = D4DFD3EF1B83612F00B64797 /* SDWebImageManager.m */; };
		D4DFD41F1B83612F00B64797 /* SDWebImagePrefetcher.m in Sources */ = {isa = PBXBuildFile; fileRef = D4DFD3F21B83612F00B64797 /* SDWebImagePrefetcher.m */; };
		D4DFD4201B83612F00B64797 /* UIButton+WebCache.m in Sources */ = {isa = PBXBuildFile; fileRef = D4DFD3F41B83612F00B64797 /* UIButton+WebCache.m */; };
		D4DFD4211B83612F00B64797 /* UIImage+GIF.m in Sources */ = {isa = PBXBuildFile; fileRef = D4DFD3F61B83612F00B64797 /* UIImage+GIF.m */; };
		D4DFD4221B83612F00B64797 /* UIImage+MultiFormat.m in Sources */ = {isa = PBXBuildFile; fileRef = D4DFD3F81B83612F00B64797 /* UIImage+MultiFormat.m */; };
		D4DFD4231B83612F00B64797 /* UIImage+WebP.m in Sources */ = {isa = PBXBuildFile; fileRef = D4DFD3FA1B83612F00B64797 /* UIImage+WebP.m */; };
		D4DFD4241B83612F00B64797 /* UIImageView+HighlightedWebCache.m in Sources */ = {isa = PBXBuildFile; fileRef = D4DFD3FC1B83612F00B64797 /* UIImageView+HighlightedWebCache.m */; };
		D4DFD4251B83612F00B64797 /* UIImageView+WebCache.m in Sources */ = {isa = PBXBuildFile; fileRef = D4DFD3FE1B83612F00B64797 /* UIImageView+WebCache.m */; };
		D4DFD4261B83612F00B64797 /* UIView+WebCacheOperation.m in Sources */ = {isa = PBXBuildFile; fileRef = D4DFD4001B83612F00B64797 /* UIView+WebCacheOperation.m */; };
		D4DFD4271B83612F00B64797 /* Main.storyboard in Resources */ = {isa = PBXBuildFile; fileRef = D4DFD4011B83612F00B64797 /* Main.storyboard */; };
		D4DFD4281B83612F00B64797 /* Shop.m in Sources */ = {isa = PBXBuildFile; fileRef = D4DFD4051B83612F00B64797 /* Shop.m */; };
		D4DFD4291B83612F00B64797 /* ShopCell.m in Sources */ = {isa = PBXBuildFile; fileRef = D4DFD4081B83612F00B64797 /* ShopCell.m */; };
		D4DFD42A1B83612F00B64797 /* ShopCell.xib in Resources */ = {isa = PBXBuildFile; fileRef = D4DFD4091B83612F00B64797 /* ShopCell.xib */; };
		D4DFD42B1B83612F00B64797 /* ViewController.m in Sources */ = {isa = PBXBuildFile; fileRef = D4DFD40B1B83612F00B64797 /* ViewController.m */; };
		F9DE32E71B7CB7C100C684E8 /* ZCCollectionView.m in Sources */ = {isa = PBXBuildFile; fileRef = F9DE32E41B7CB7C100C684E8 /* ZCCollectionView.m */; };
		F9DE32E81B7CB7C100C684E8 /* ZCWaterFlowLayout.m in Sources */ = {isa = PBXBuildFile; fileRef = F9DE32E61B7CB7C100C684E8 /* ZCWaterFlowLayout.m */; };
		F9DE334B1B7CB99D00C684E8 /* AppDelegate.m in Sources */ = {isa = PBXBuildFile; fileRef = F9DE33261B7CB99D00C684E8 /* AppDelegate.m */; };
		F9DE334C1B7CB99D00C684E8 /* main.m in Sources */ = {isa = PBXBuildFile; fileRef = F9DE33271B7CB99D00C684E8 /* main.m */; };
		F9DE33B81B7CBD5F00C684E8 /* LaunchScreen.xib in Resources */ = {isa = PBXBuildFile; fileRef = F9DE33B71B7CBD5F00C684E8 /* LaunchScreen.xib */; };
/* End PBXBuildFile section */

/* Begin PBXContainerItemProxy section */
		D4AC44CA1B31B15900488460 /* PBXContainerItemProxy */ = {
			isa = PBXContainerItemProxy;
			containerPortal = D4AC44A81B31B15900488460 /* Project object */;
			proxyType = 1;
			remoteGlobalIDString = D4AC44AF1B31B15900488460;
			remoteInfo = "瀑布流";
		};
/* End PBXContainerItemProxy section */

/* Begin PBXFileReference section */
		D4AC44B01B31B15900488460 /* 瀑布流.app */ = {isa = PBXFileReference; explicitFileType = wrapper.application; includeInIndex = 0; path = "瀑布流.app"; sourceTree = BUILT_PRODUCTS_DIR; };
		D4AC44B41B31B15900488460 /* Info.plist */ = {isa = PBXFileReference; lastKnownFileType = text.plist.xml; path = Info.plist; sourceTree = "<group>"; };
		D4AC44C01B31B15900488460 /* Images.xcassets */ = {isa = PBXFileReference; lastKnownFileType = folder.assetcatalog; path = Images.xcassets; sourceTree = "<group>"; };
		D4AC44C91B31B15900488460 /* 瀑布流Tests.xctest */ = {isa = PBXFileReference; explicitFileType = wrapper.cfbundle; includeInIndex = 0; path = "瀑布流Tests.xctest"; sourceTree = BUILT_PRODUCTS_DIR; };
		D4AC44CE1B31B15900488460 /* Info.plist */ = {isa = PBXFileReference; lastKnownFileType = text.plist.xml; path = Info.plist; sourceTree = "<group>"; };
		D4AC44E11B31B6B500488460 /* 1.plist */ = {isa = PBXFileReference; fileEncoding = 4; lastKnownFileType = text.plist.xml; path = 1.plist; sourceTree = "<group>"; };
		D4DFD3C81B83612F00B64797 /* MJArgument.h */ = {isa = PBXFileReference; fileEncoding = 4; lastKnownFileType = sourcecode.c.h; path = MJArgument.h; sourceTree = "<group>"; };
		D4DFD3C91B83612F00B64797 /* MJArgument.m */ = {isa = PBXFileReference; fileEncoding = 4; lastKnownFileType = sourcecode.c.objc; path = MJArgument.m; sourceTree = "<group>"; };
		D4DFD3CA1B83612F00B64797 /* MJConst.h */ = {isa = PBXFileReference; fileEncoding = 4; lastKnownFileType = sourcecode.c.h; path = MJConst.h; sourceTree = "<group>"; };
		D4DFD3CB1B83612F00B64797 /* MJConst.m */ = {isa = PBXFileReference; fileEncoding = 4; lastKnownFileType = sourcecode.c.objc; path = MJConst.m; sourceTree = "<group>"; };
		D4DFD3CC1B83612F00B64797 /* MJExtension.h */ = {isa = PBXFileReference; fileEncoding = 4; lastKnownFileType = sourcecode.c.h; path = MJExtension.h; sourceTree = "<group>"; };
		D4DFD3CD1B83612F00B64797 /* MJFoundation.h */ = {isa = PBXFileReference; fileEncoding = 4; lastKnownFileType = sourcecode.c.h; path = MJFoundation.h; sourceTree = "<group>"; };
		D4DFD3CE1B83612F00B64797 /* MJFoundation.m */ = {isa = PBXFileReference; fileEncoding = 4; lastKnownFileType = sourcecode.c.objc; path = MJFoundation.m; sourceTree = "<group>"; };
		D4DFD3CF1B83612F00B64797 /* MJIvar.h */ = {isa = PBXFileReference; fileEncoding = 4; lastKnownFileType = sourcecode.c.h; path = MJIvar.h; sourceTree = "<group>"; };
		D4DFD3D01B83612F00B64797 /* MJIvar.m */ = {isa = PBXFileReference; fileEncoding = 4; lastKnownFileType = sourcecode.c.objc; path = MJIvar.m; sourceTree = "<group>"; };
		D4DFD3D11B83612F00B64797 /* MJMember.h */ = {isa = PBXFileReference; fileEncoding = 4; lastKnownFileType = sourcecode.c.h; path = MJMember.h; sourceTree = "<group>"; };
		D4DFD3D21B83612F00B64797 /* MJMember.m */ = {isa = PBXFileReference; fileEncoding = 4; lastKnownFileType = sourcecode.c.objc; path = MJMember.m; sourceTree = "<group>"; };
		D4DFD3D31B83612F00B64797 /* MJMethod.h */ = {isa = PBXFileReference; fileEncoding = 4; lastKnownFileType = sourcecode.c.h; path = MJMethod.h; sourceTree = "<group>"; };
		D4DFD3D41B83612F00B64797 /* MJMethod.m */ = {isa = PBXFileReference; fileEncoding = 4; lastKnownFileType = sourcecode.c.objc; path = MJMethod.m; sourceTree = "<group>"; };
		D4DFD3D51B83612F00B64797 /* MJType.h */ = {isa = PBXFileReference; fileEncoding = 4; lastKnownFileType = sourcecode.c.h; path = MJType.h; sourceTree = "<group>"; };
		D4DFD3D61B83612F00B64797 /* MJType.m */ = {isa = PBXFileReference; fileEncoding = 4; lastKnownFileType = sourcecode.c.objc; path = MJType.m; sourceTree = "<group>"; };
		D4DFD3D71B83612F00B64797 /* MJTypeEncoding.h */ = {isa = PBXFileReference; fileEncoding = 4; lastKnownFileType = sourcecode.c.h; path = MJTypeEncoding.h; sourceTree = "<group>"; };
		D4DFD3D81B83612F00B64797 /* MJTypeEncoding.m */ = {isa = PBXFileReference; fileEncoding = 4; lastKnownFileType = sourcecode.c.objc; path = MJTypeEncoding.m; sourceTree = "<group>"; };
		D4DFD3D91B83612F00B64797 /* NSObject+MJCoding.h */ = {isa = PBXFileReference; fileEncoding = 4; lastKnownFileType = sourcecode.c.h; path = "NSObject+MJCoding.h"; sourceTree = "<group>"; };
		D4DFD3DA1B83612F00B64797 /* NSObject+MJCoding.m */ = {isa = PBXFileReference; fileEncoding = 4; lastKnownFileType = sourcecode.c.objc; path = "NSObject+MJCoding.m"; sourceTree = "<group>"; };
		D4DFD3DB1B83612F00B64797 /* NSObject+MJKeyValue.h */ = {isa = PBXFileReference; fileEncoding = 4; lastKnownFileType = sourcecode.c.h; path = "NSObject+MJKeyValue.h"; sourceTree = "<group>"; };
		D4DFD3DC1B83612F00B64797 /* NSObject+MJKeyValue.m */ = {isa = PBXFileReference; fileEncoding = 4; lastKnownFileType = sourcecode.c.objc; path = "NSObject+MJKeyValue.m"; sourceTree = "<group>"; };
		D4DFD3DD1B83612F00B64797 /* NSObject+MJMember.h */ = {isa = PBXFileReference; fileEncoding = 4; lastKnownFileType = sourcecode.c.h; path = "NSObject+MJMember.h"; sourceTree = "<group>"; };
		D4DFD3DE1B83612F00B64797 /* NSObject+MJMember.m */ = {isa = PBXFileReference; fileEncoding = 4; lastKnownFileType = sourcecode.c.objc; path = "NSObject+MJMember.m"; sourceTree = "<group>"; };
		D4DFD3E01B83612F00B64797 /* MKAnnotationView+WebCache.h */ = {isa = PBXFileReference; fileEncoding = 4; lastKnownFileType = sourcecode.c.h; path = "MKAnnotationView+WebCache.h"; sourceTree = "<group>"; };
		D4DFD3E11B83612F00B64797 /* MKAnnotationView+WebCache.m */ = {isa = PBXFileReference; fileEncoding = 4; lastKnownFileType = sourcecode.c.objc; path = "MKAnnotationView+WebCache.m"; sourceTree = "<group>"; };
		D4DFD3E21B83612F00B64797 /* NSData+ImageContentType.h */ = {isa = PBXFileReference; fileEncoding = 4; lastKnownFileType = sourcecode.c.h; path = "NSData+ImageContentType.h"; sourceTree = "<group>"; };
		D4DFD3E31B83612F00B64797 /* NSData+ImageContentType.m */ = {isa = PBXFileReference; fileEncoding = 4; lastKnownFileType = sourcecode.c.objc; path = "NSData+ImageContentType.m"; sourceTree = "<group>"; };
		D4DFD3E41B83612F00B64797 /* SDImageCache.h */ = {isa = PBXFileReference; fileEncoding = 4; lastKnownFileType = sourcecode.c.h; path = SDImageCache.h; sourceTree = "<group>"; };
		D4DFD3E51B83612F00B64797 /* SDImageCache.m */ = {isa = PBXFileReference; fileEncoding = 4; lastKnownFileType = sourcecode.c.objc; path = SDImageCache.m; sourceTree = "<group>"; };
		D4DFD3E61B83612F00B64797 /* SDWebImageCompat.h */ = {isa = PBXFileReference; fileEncoding = 4; lastKnownFileType = sourcecode.c.h; path = SDWebImageCompat.h; sourceTree = "<group>"; };
		D4DFD3E71B83612F00B64797 /* SDWebImageCompat.m */ = {isa = PBXFileReference; fileEncoding = 4; lastKnownFileType = sourcecode.c.objc; path = SDWebImageCompat.m; sourceTree = "<group>"; };
		D4DFD3E81B83612F00B64797 /* SDWebImageDecoder.h */ = {isa = PBXFileReference; fileEncoding = 4; lastKnownFileType = sourcecode.c.h; path = SDWebImageDecoder.h; sourceTree = "<group>"; };
		D4DFD3E91B83612F00B64797 /* SDWebImageDecoder.m */ = {isa = PBXFileReference; fileEncoding = 4; lastKnownFileType = sourcecode.c.objc; path = SDWebImageDecoder.m; sourceTree = "<group>"; };
		D4DFD3EA1B83612F00B64797 /* SDWebImageDownloader.h */ = {isa = PBXFileReference; fileEncoding = 4; lastKnownFileType = sourcecode.c.h; path = SDWebImageDownloader.h; sourceTree = "<group>"; };
		D4DFD3EB1B83612F00B64797 /* SDWebImageDownloader.m */ = {isa = PBXFileReference; fileEncoding = 4; lastKnownFileType = sourcecode.c.objc; path = SDWebImageDownloader.m; sourceTree = "<group>"; };
		D4DFD3EC1B83612F00B64797 /* SDWebImageDownloaderOperation.h */ = {isa = PBXFileReference; fileEncoding = 4; lastKnownFileType = sourcecode.c.h; path = SDWebImageDownloaderOperation.h; sourceTree = "<group>"; };
		D4DFD3ED1B83612F00B64797 /* SDWebImageDownloaderOperation.m */ = {isa = PBXFileReference; fileEncoding = 4; lastKnownFileType = sourcecode.c.objc; path = SDWebImageDownloaderOperation.m; sourceTree = "<group>"; };
		D4DFD3EE1B83612F00B64797 /* SDWebImageManager.h */ = {isa = PBXFileReference; fileEncoding = 4; lastKnownFileType = sourcecode.c.h; path = SDWebImageManager.h; sourceTree = "<group>"; };
		D4DFD3EF1B83612F00B64797 /* SDWebImageManager.m */ = {isa = PBXFileReference; fileEncoding = 4; lastKnownFileType = sourcecode.c.objc; path = SDWebImageManager.m; sourceTree = "<group>"; };
		D4DFD3F01B83612F00B64797 /* SDWebImageOperation.h */ = {isa = PBXFileReference; fileEncoding = 4; lastKnownFileType = sourcecode.c.h; path = SDWebImageOperation.h; sourceTree = "<group>"; };
		D4DFD3F11B83612F00B64797 /* SDWebImagePrefetcher.h */ = {isa = PBXFileReference; fileEncoding = 4; lastKnownFileType = sourcecode.c.h; path = SDWebImagePrefetcher.h; sourceTree = "<group>"; };
		D4DFD3F21B83612F00B64797 /* SDWebImagePrefetcher.m */ = {isa = PBXFileReference; fileEncoding = 4; lastKnownFileType = sourcecode.c.objc; path = SDWebImagePrefetcher.m; sourceTree = "<group>"; };
		D4DFD3F31B83612F00B64797 /* UIButton+WebCache.h */ = {isa = PBXFileReference; fileEncoding = 4; lastKnownFileType = sourcecode.c.h; path = "UIButton+WebCache.h"; sourceTree = "<group>"; };
		D4DFD3F41B83612F00B64797 /* UIButton+WebCache.m */ = {isa = PBXFileReference; fileEncoding = 4; lastKnownFileType = sourcecode.c.objc; path = "UIButton+WebCache.m"; sourceTree = "<group>"; };
		D4DFD3F51B83612F00B64797 /* UIImage+GIF.h */ = {isa = PBXFileReference; fileEncoding = 4; lastKnownFileType = sourcecode.c.h; path = "UIImage+GIF.h"; sourceTree = "<group>"; };
		D4DFD3F61B83612F00B64797 /* UIImage+GIF.m */ = {isa = PBXFileReference; fileEncoding = 4; lastKnownFileType = sourcecode.c.objc; path = "UIImage+GIF.m"; sourceTree = "<group>"; };
		D4DFD3F71B83612F00B64797 /* UIImage+MultiFormat.h */ = {isa = PBXFileReference; fileEncoding = 4; lastKnownFileType = sourcecode.c.h; path = "UIImage+MultiFormat.h"; sourceTree = "<group>"; };
		D4DFD3F81B83612F00B64797 /* UIImage+MultiFormat.m */ = {isa = PBXFileReference; fileEncoding = 4; lastKnownFileType = sourcecode.c.objc; path = "UIImage+MultiFormat.m"; sourceTree = "<group>"; };
		D4DFD3F91B83612F00B64797 /* UIImage+WebP.h */ = {isa = PBXFileReference; fileEncoding = 4; lastKnownFileType = sourcecode.c.h; path = "UIImage+WebP.h"; sourceTree = "<group>"; };
		D4DFD3FA1B83612F00B64797 /* UIImage+WebP.m */ = {isa = PBXFileReference; fileEncoding = 4; lastKnownFileType = sourcecode.c.objc; path = "UIImage+WebP.m"; sourceTree = "<group>"; };
		D4DFD3FB1B83612F00B64797 /* UIImageView+HighlightedWebCache.h */ = {isa = PBXFileReference; fileEncoding = 4; lastKnownFileType = sourcecode.c.h; path = "UIImageView+HighlightedWebCache.h"; sourceTree = "<group>"; };
		D4DFD3FC1B83612F00B64797 /* UIImageView+HighlightedWebCache.m */ = {isa = PBXFileReference; fileEncoding = 4; lastKnownFileType = sourcecode.c.objc; path = "UIImageView+HighlightedWebCache.m"; sourceTree = "<group>"; };
		D4DFD3FD1B83612F00B64797 /* UIImageView+WebCache.h */ = {isa = PBXFileReference; fileEncoding = 4; lastKnownFileType = sourcecode.c.h; path = "UIImageView+WebCache.h"; sourceTree = "<group>"; };
		D4DFD3FE1B83612F00B64797 /* UIImageView+WebCache.m */ = {isa = PBXFileReference; fileEncoding = 4; lastKnownFileType = sourcecode.c.objc; path = "UIImageView+WebCache.m"; sourceTree = "<group>"; };
		D4DFD3FF1B83612F00B64797 /* UIView+WebCacheOperation.h */ = {isa = PBXFileReference; fileEncoding = 4; lastKnownFileType = sourcecode.c.h; path = "UIView+WebCacheOperation.h"; sourceTree = "<group>"; };
		D4DFD4001B83612F00B64797 /* UIView+WebCacheOperation.m */ = {isa = PBXFileReference; fileEncoding = 4; lastKnownFileType = sourcecode.c.objc; path = "UIView+WebCacheOperation.m"; sourceTree = "<group>"; };
		D4DFD4011B83612F00B64797 /* Main.storyboard */ = {isa = PBXFileReference; fileEncoding = 4; lastKnownFileType = file.storyboard; path = Main.storyboard; sourceTree = "<group>"; };
		D4DFD4041B83612F00B64797 /* Shop.h */ = {isa = PBXFileReference; fileEncoding = 4; lastKnownFileType = sourcecode.c.h; path = Shop.h; sourceTree = "<group>"; };
		D4DFD4051B83612F00B64797 /* Shop.m */ = {isa = PBXFileReference; fileEncoding = 4; lastKnownFileType = sourcecode.c.objc; path = Shop.m; sourceTree = "<group>"; };
		D4DFD4071B83612F00B64797 /* ShopCell.h */ = {isa = PBXFileReference; fileEncoding = 4; lastKnownFileType = sourcecode.c.h; path = ShopCell.h; sourceTree = "<group>"; };
		D4DFD4081B83612F00B64797 /* ShopCell.m */ = {isa = PBXFileReference; fileEncoding = 4; lastKnownFileType = sourcecode.c.objc; path = ShopCell.m; sourceTree = "<group>"; };
		D4DFD4091B83612F00B64797 /* ShopCell.xib */ = {isa = PBXFileReference; fileEncoding = 4; lastKnownFileType = file.xib; path = ShopCell.xib; sourceTree = "<group>"; };
		D4DFD40A1B83612F00B64797 /* ViewController.h */ = {isa = PBXFileReference; fileEncoding = 4; lastKnownFileType = sourcecode.c.h; path = ViewController.h; sourceTree = "<group>"; };
		D4DFD40B1B83612F00B64797 /* ViewController.m */ = {isa = PBXFileReference; fileEncoding = 4; lastKnownFileType = sourcecode.c.objc; path = ViewController.m; sourceTree = "<group>"; };
		F9DE32E31B7CB7C100C684E8 /* ZCCollectionView.h */ = {isa = PBXFileReference; fileEncoding = 4; lastKnownFileType = sourcecode.c.h; path = ZCCollectionView.h; sourceTree = "<group>"; };
		F9DE32E41B7CB7C100C684E8 /* ZCCollectionView.m */ = {isa = PBXFileReference; fileEncoding = 4; lastKnownFileType = sourcecode.c.objc; path = ZCCollectionView.m; sourceTree = "<group>"; };
		F9DE32E51B7CB7C100C684E8 /* ZCWaterFlowLayout.h */ = {isa = PBXFileReference; fileEncoding = 4; lastKnownFileType = sourcecode.c.h; path = ZCWaterFlowLayout.h; sourceTree = "<group>"; };
		F9DE32E61B7CB7C100C684E8 /* ZCWaterFlowLayout.m */ = {isa = PBXFileReference; fileEncoding = 4; lastKnownFileType = sourcecode.c.objc; path = ZCWaterFlowLayout.m; sourceTree = "<group>"; };
		F9DE33251B7CB99D00C684E8 /* AppDelegate.h */ = {isa = PBXFileReference; fileEncoding = 4; lastKnownFileType = sourcecode.c.h; path = AppDelegate.h; sourceTree = "<group>"; };
		F9DE33261B7CB99D00C684E8 /* AppDelegate.m */ = {isa = PBXFileReference; fileEncoding = 4; lastKnownFileType = sourcecode.c.objc; path = AppDelegate.m; sourceTree = "<group>"; };
		F9DE33271B7CB99D00C684E8 /* main.m */ = {isa = PBXFileReference; fileEncoding = 4; lastKnownFileType = sourcecode.c.objc; path = main.m; sourceTree = "<group>"; };
		F9DE33B71B7CBD5F00C684E8 /* LaunchScreen.xib */ = {isa = PBXFileReference; fileEncoding = 4; lastKnownFileType = file.xib; path = LaunchScreen.xib; sourceTree = "<group>"; };
/* End PBXFileReference section */

/* Begin PBXFrameworksBuildPhase section */
		D4AC44AD1B31B15900488460 /* Frameworks */ = {
			isa = PBXFrameworksBuildPhase;
			buildActionMask = 2147483647;
			files = (
			);
			runOnlyForDeploymentPostprocessing = 0;
		};
		D4AC44C61B31B15900488460 /* Frameworks */ = {
			isa = PBXFrameworksBuildPhase;
			buildActionMask = 2147483647;
			files = (
			);
			runOnlyForDeploymentPostprocessing = 0;
		};
/* End PBXFrameworksBuildPhase section */

/* Begin PBXGroup section */
		D4AC44A71B31B15900488460 = {
			isa = PBXGroup;
			children = (
				D4AC44B21B31B15900488460 /* 瀑布流 */,
				D4AC44CC1B31B15900488460 /* 瀑布流Tests */,
				D4AC44B11B31B15900488460 /* Products */,
			);
			sourceTree = "<group>";
		};
		D4AC44B11B31B15900488460 /* Products */ = {
			isa = PBXGroup;
			children = (
				D4AC44B01B31B15900488460 /* 瀑布流.app */,
				D4AC44C91B31B15900488460 /* 瀑布流Tests.xctest */,
			);
			name = Products;
			sourceTree = "<group>";
		};
		D4AC44B21B31B15900488460 /* 瀑布流 */ = {
			isa = PBXGroup;
			children = (
				F9DE32E21B7CB7C100C684E8 /* ZCWaterFlowView */,
				D4DFD3C51B83612F00B64797 /* Demo */,
				F9DE33241B7CB99D00C684E8 /* other */,
				D4AC44C01B31B15900488460 /* Images.xcassets */,
				F9DE33B71B7CBD5F00C684E8 /* LaunchScreen.xib */,
				D4AC44B31B31B15900488460 /* Supporting Files */,
			);
			path = "瀑布流";
			sourceTree = "<group>";
		};
		D4AC44B31B31B15900488460 /* Supporting Files */ = {
			isa = PBXGroup;
			children = (
				D4AC44E11B31B6B500488460 /* 1.plist */,
				D4AC44B41B31B15900488460 /* Info.plist */,
			);
			name = "Supporting Files";
			sourceTree = "<group>";
		};
		D4AC44CC1B31B15900488460 /* 瀑布流Tests */ = {
			isa = PBXGroup;
			children = (
				D4AC44CD1B31B15900488460 /* Supporting Files */,
			);
			path = "瀑布流Tests";
			sourceTree = "<group>";
		};
		D4AC44CD1B31B15900488460 /* Supporting Files */ = {
			isa = PBXGroup;
			children = (
				D4AC44CE1B31B15900488460 /* Info.plist */,
			);
			name = "Supporting Files";
			sourceTree = "<group>";
		};
		D4DFD3C51B83612F00B64797 /* Demo */ = {
			isa = PBXGroup;
			children = (
				D4DFD3C61B83612F00B64797 /* lib */,
				D4DFD4011B83612F00B64797 /* Main.storyboard */,
				D4DFD4021B83612F00B64797 /* Shop */,
				D4DFD40A1B83612F00B64797 /* ViewController.h */,
				D4DFD40B1B83612F00B64797 /* ViewController.m */,
			);
			path = Demo;
			sourceTree = "<group>";
		};
		D4DFD3C61B83612F00B64797 /* lib */ = {
			isa = PBXGroup;
			children = (
				D4DFD3C71B83612F00B64797 /* MJExtension */,
				D4DFD3DF1B83612F00B64797 /* SDWebImage */,
			);
			path = lib;
			sourceTree = "<group>";
		};
		D4DFD3C71B83612F00B64797 /* MJExtension */ = {
			isa = PBXGroup;
			children = (
				D4DFD3C81B83612F00B64797 /* MJArgument.h */,
				D4DFD3C91B83612F00B64797 /* MJArgument.m */,
				D4DFD3CA1B83612F00B64797 /* MJConst.h */,
				D4DFD3CB1B83612F00B64797 /* MJConst.m */,
				D4DFD3CC1B83612F00B64797 /* MJExtension.h */,
				D4DFD3CD1B83612F00B64797 /* MJFoundation.h */,
				D4DFD3CE1B83612F00B64797 /* MJFoundation.m */,
				D4DFD3CF1B83612F00B64797 /* MJIvar.h */,
				D4DFD3D01B83612F00B64797 /* MJIvar.m */,
				D4DFD3D11B83612F00B64797 /* MJMember.h */,
				D4DFD3D21B83612F00B64797 /* MJMember.m */,
				D4DFD3D31B83612F00B64797 /* MJMethod.h */,
				D4DFD3D41B83612F00B64797 /* MJMethod.m */,
				D4DFD3D51B83612F00B64797 /* MJType.h */,
				D4DFD3D61B83612F00B64797 /* MJType.m */,
				D4DFD3D71B83612F00B64797 /* MJTypeEncoding.h */,
				D4DFD3D81B83612F00B64797 /* MJTypeEncoding.m */,
				D4DFD3D91B83612F00B64797 /* NSObject+MJCoding.h */,
				D4DFD3DA1B83612F00B64797 /* NSObject+MJCoding.m */,
				D4DFD3DB1B83612F00B64797 /* NSObject+MJKeyValue.h */,
				D4DFD3DC1B83612F00B64797 /* NSObject+MJKeyValue.m */,
				D4DFD3DD1B83612F00B64797 /* NSObject+MJMember.h */,
				D4DFD3DE1B83612F00B64797 /* NSObject+MJMember.m */,
			);
			path = MJExtension;
			sourceTree = "<group>";
		};
		D4DFD3DF1B83612F00B64797 /* SDWebImage */ = {
			isa = PBXGroup;
			children = (
				D4DFD3E01B83612F00B64797 /* MKAnnotationView+WebCache.h */,
				D4DFD3E11B83612F00B64797 /* MKAnnotationView+WebCache.m */,
				D4DFD3E21B83612F00B64797 /* NSData+ImageContentType.h */,
				D4DFD3E31B83612F00B64797 /* NSData+ImageContentType.m */,
				D4DFD3E41B83612F00B64797 /* SDImageCache.h */,
				D4DFD3E51B83612F00B64797 /* SDImageCache.m */,
				D4DFD3E61B83612F00B64797 /* SDWebImageCompat.h */,
				D4DFD3E71B83612F00B64797 /* SDWebImageCompat.m */,
				D4DFD3E81B83612F00B64797 /* SDWebImageDecoder.h */,
				D4DFD3E91B83612F00B64797 /* SDWebImageDecoder.m */,
				D4DFD3EA1B83612F00B64797 /* SDWebImageDownloader.h */,
				D4DFD3EB1B83612F00B64797 /* SDWebImageDownloader.m */,
				D4DFD3EC1B83612F00B64797 /* SDWebImageDownloaderOperation.h */,
				D4DFD3ED1B83612F00B64797 /* SDWebImageDownloaderOperation.m */,
				D4DFD3EE1B83612F00B64797 /* SDWebImageManager.h */,
				D4DFD3EF1B83612F00B64797 /* SDWebImageManager.m */,
				D4DFD3F01B83612F00B64797 /* SDWebImageOperation.h */,
				D4DFD3F11B83612F00B64797 /* SDWebImagePrefetcher.h */,
				D4DFD3F21B83612F00B64797 /* SDWebImagePrefetcher.m */,
				D4DFD3F31B83612F00B64797 /* UIButton+WebCache.h */,
				D4DFD3F41B83612F00B64797 /* UIButton+WebCache.m */,
				D4DFD3F51B83612F00B64797 /* UIImage+GIF.h */,
				D4DFD3F61B83612F00B64797 /* UIImage+GIF.m */,
				D4DFD3F71B83612F00B64797 /* UIImage+MultiFormat.h */,
				D4DFD3F81B83612F00B64797 /* UIImage+MultiFormat.m */,
				D4DFD3F91B83612F00B64797 /* UIImage+WebP.h */,
				D4DFD3FA1B83612F00B64797 /* UIImage+WebP.m */,
				D4DFD3FB1B83612F00B64797 /* UIImageView+HighlightedWebCache.h */,
				D4DFD3FC1B83612F00B64797 /* UIImageView+HighlightedWebCache.m */,
				D4DFD3FD1B83612F00B64797 /* UIImageView+WebCache.h */,
				D4DFD3FE1B83612F00B64797 /* UIImageView+WebCache.m */,
				D4DFD3FF1B83612F00B64797 /* UIView+WebCacheOperation.h */,
				D4DFD4001B83612F00B64797 /* UIView+WebCacheOperation.m */,
			);
			path = SDWebImage;
			sourceTree = "<group>";
		};
		D4DFD4021B83612F00B64797 /* Shop */ = {
			isa = PBXGroup;
			children = (
				D4DFD4031B83612F00B64797 /* model */,
				D4DFD4061B83612F00B64797 /* view */,
			);
			path = Shop;
			sourceTree = "<group>";
		};
		D4DFD4031B83612F00B64797 /* model */ = {
			isa = PBXGroup;
			children = (
				D4DFD4041B83612F00B64797 /* Shop.h */,
				D4DFD4051B83612F00B64797 /* Shop.m */,
			);
			path = model;
			sourceTree = "<group>";
		};
		D4DFD4061B83612F00B64797 /* view */ = {
			isa = PBXGroup;
			children = (
				D4DFD4071B83612F00B64797 /* ShopCell.h */,
				D4DFD4081B83612F00B64797 /* ShopCell.m */,
				D4DFD4091B83612F00B64797 /* ShopCell.xib */,
			);
			path = view;
			sourceTree = "<group>";
		};
		F9DE32E21B7CB7C100C684E8 /* ZCWaterFlowView */ = {
			isa = PBXGroup;
			children = (
				F9DE32E31B7CB7C100C684E8 /* ZCCollectionView.h */,
				F9DE32E41B7CB7C100C684E8 /* ZCCollectionView.m */,
				F9DE32E51B7CB7C100C684E8 /* ZCWaterFlowLayout.h */,
				F9DE32E61B7CB7C100C684E8 /* ZCWaterFlowLayout.m */,
			);
			path = ZCWaterFlowView;
			sourceTree = "<group>";
		};
		F9DE33241B7CB99D00C684E8 /* other */ = {
			isa = PBXGroup;
			children = (
				F9DE33251B7CB99D00C684E8 /* AppDelegate.h */,
				F9DE33261B7CB99D00C684E8 /* AppDelegate.m */,
				F9DE33271B7CB99D00C684E8 /* main.m */,
			);
			path = other;
			sourceTree = "<group>";
		};
/* End PBXGroup section */

/* Begin PBXNativeTarget section */
		D4AC44AF1B31B15900488460 /* 瀑布流 */ = {
			isa = PBXNativeTarget;
			buildConfigurationList = D4AC44D31B31B15900488460 /* Build configuration list for PBXNativeTarget "瀑布流" */;
			buildPhases = (
				D4AC44AC1B31B15900488460 /* Sources */,
				D4AC44AD1B31B15900488460 /* Frameworks */,
				D4AC44AE1B31B15900488460 /* Resources */,
			);
			buildRules = (
			);
			dependencies = (
			);
			name = "瀑布流";
			productName = "瀑布流";
			productReference = D4AC44B01B31B15900488460 /* 瀑布流.app */;
			productType = "com.apple.product-type.application";
		};
		D4AC44C81B31B15900488460 /* 瀑布流Tests */ = {
			isa = PBXNativeTarget;
			buildConfigurationList = D4AC44D61B31B15900488460 /* Build configuration list for PBXNativeTarget "瀑布流Tests" */;
			buildPhases = (
				D4AC44C51B31B15900488460 /* Sources */,
				D4AC44C61B31B15900488460 /* Frameworks */,
				D4AC44C71B31B15900488460 /* Resources */,
			);
			buildRules = (
			);
			dependencies = (
				D4AC44CB1B31B15900488460 /* PBXTargetDependency */,
			);
			name = "瀑布流Tests";
			productName = "瀑布流Tests";
			productReference = D4AC44C91B31B15900488460 /* 瀑布流Tests.xctest */;
			productType = "com.apple.product-type.bundle.unit-test";
		};
/* End PBXNativeTarget section */

/* Begin PBXProject section */
		D4AC44A81B31B15900488460 /* Project object */ = {
			isa = PBXProject;
			attributes = {
				LastUpgradeCheck = 0610;
				ORGANIZATIONNAME = "张超";
				TargetAttributes = {
					D4AC44AF1B31B15900488460 = {
						CreatedOnToolsVersion = 6.1.1;
					};
					D4AC44C81B31B15900488460 = {
						CreatedOnToolsVersion = 6.1.1;
						TestTargetID = D4AC44AF1B31B15900488460;
					};
				};
			};
			buildConfigurationList = D4AC44AB1B31B15900488460 /* Build configuration list for PBXProject "瀑布流" */;
			compatibilityVersion = "Xcode 3.2";
			developmentRegion = English;
			hasScannedForEncodings = 0;
			knownRegions = (
				en,
				Base,
			);
			mainGroup = D4AC44A71B31B15900488460;
			productRefGroup = D4AC44B11B31B15900488460 /* Products */;
			projectDirPath = "";
			projectRoot = "";
			targets = (
				D4AC44AF1B31B15900488460 /* 瀑布流 */,
				D4AC44C81B31B15900488460 /* 瀑布流Tests */,
			);
		};
/* End PBXProject section */

/* Begin PBXResourcesBuildPhase section */
		D4AC44AE1B31B15900488460 /* Resources */ = {
			isa = PBXResourcesBuildPhase;
			buildActionMask = 2147483647;
			files = (
				D4AC44E21B31B6B500488460 /* 1.plist in Resources */,
				D4AC44C11B31B15900488460 /* Images.xcassets in Resources */,
				F9DE33B81B7CBD5F00C684E8 /* LaunchScreen.xib in Resources */,
				D4DFD42A1B83612F00B64797 /* ShopCell.xib in Resources */,
				D4DFD4271B83612F00B64797 /* Main.storyboard in Resources */,
			);
			runOnlyForDeploymentPostprocessing = 0;
		};
		D4AC44C71B31B15900488460 /* Resources */ = {
			isa = PBXResourcesBuildPhase;
			buildActionMask = 2147483647;
			files = (
			);
			runOnlyForDeploymentPostprocessing = 0;
		};
/* End PBXResourcesBuildPhase section */

/* Begin PBXSourcesBuildPhase section */
		D4AC44AC1B31B15900488460 /* Sources */ = {
			isa = PBXSourcesBuildPhase;
			buildActionMask = 2147483647;
			files = (
				D4DFD42B1B83612F00B64797 /* ViewController.m in Sources */,
				D4DFD4211B83612F00B64797 /* UIImage+GIF.m in Sources */,
				D4DFD41E1B83612F00B64797 /* SDWebImageManager.m in Sources */,
				D4DFD4291B83612F00B64797 /* ShopCell.m in Sources */,
				D4DFD4251B83612F00B64797 /* UIImageView+WebCache.m in Sources */,
				D4DFD41D1B83612F00B64797 /* SDWebImageDownloaderOperation.m in Sources */,
				F9DE32E71B7CB7C100C684E8 /* ZCCollectionView.m in Sources */,
				D4DFD4191B83612F00B64797 /* SDImageCache.m in Sources */,
				D4DFD4171B83612F00B64797 /* MKAnnotationView+WebCache.m in Sources */,
				D4DFD40E1B83612F00B64797 /* MJFoundation.m in Sources */,
				D4DFD4221B83612F00B64797 /* UIImage+MultiFormat.m in Sources */,
				D4DFD40C1B83612F00B64797 /* MJArgument.m in Sources */,
				D4DFD4111B83612F00B64797 /* MJMethod.m in Sources */,
				D4DFD4261B83612F00B64797 /* UIView+WebCacheOperation.m in Sources */,
				F9DE334C1B7CB99D00C684E8 /* main.m in Sources */,
				D4DFD4231B83612F00B64797 /* UIImage+WebP.m in Sources */,
				D4DFD41F1B83612F00B64797 /* SDWebImagePrefetcher.m in Sources */,
				D4DFD4121B83612F00B64797 /* MJType.m in Sources */,
				D4DFD4101B83612F00B64797 /* MJMember.m in Sources */,
				D4DFD4161B83612F00B64797 /* NSObject+MJMember.m in Sources */,
				D4DFD41A1B83612F00B64797 /* SDWebImageCompat.m in Sources */,
				D4DFD4181B83612F00B64797 /* NSData+ImageContentType.m in Sources */,
				D4DFD41B1B83612F00B64797 /* SDWebImageDecoder.m in Sources */,
				D4DFD4141B83612F00B64797 /* NSObject+MJCoding.m in Sources */,
				D4DFD4241B83612F00B64797 /* UIImageView+HighlightedWebCache.m in Sources */,
				D4DFD4201B83612F00B64797 /* UIButton+WebCache.m in Sources */,
				D4DFD4131B83612F00B64797 /* MJTypeEncoding.m in Sources */,
				D4DFD40F1B83612F00B64797 /* MJIvar.m in Sources */,
				D4DFD4151B83612F00B64797 /* NSObject+MJKeyValue.m in Sources */,
				D4DFD4281B83612F00B64797 /* Shop.m in Sources */,
				F9DE32E81B7CB7C100C684E8 /* ZCWaterFlowLayout.m in Sources */,
				D4DFD40D1B83612F00B64797 /* MJConst.m in Sources */,
				D4DFD41C1B83612F00B64797 /* SDWebImageDownloader.m in Sources */,
				F9DE334B1B7CB99D00C684E8 /* AppDelegate.m in Sources */,
			);
			runOnlyForDeploymentPostprocessing = 0;
		};
		D4AC44C51B31B15900488460 /* Sources */ = {
			isa = PBXSourcesBuildPhase;
			buildActionMask = 2147483647;
			files = (
			);
			runOnlyForDeploymentPostprocessing = 0;
		};
/* End PBXSourcesBuildPhase section */

/* Begin PBXTargetDependency section */
		D4AC44CB1B31B15900488460 /* PBXTargetDependency */ = {
			isa = PBXTargetDependency;
			target = D4AC44AF1B31B15900488460 /* 瀑布流 */;
			targetProxy = D4AC44CA1B31B15900488460 /* PBXContainerItemProxy */;
		};
/* End PBXTargetDependency section */

/* Begin XCBuildConfiguration section */
		D4AC44D11B31B15900488460 /* Debug */ = {
			isa = XCBuildConfiguration;
			buildSettings = {
				ALWAYS_SEARCH_USER_PATHS = NO;
				CLANG_CXX_LANGUAGE_STANDARD = "gnu++0x";
				CLANG_CXX_LIBRARY = "libc++";
				CLANG_ENABLE_MODULES = YES;
				CLANG_ENABLE_OBJC_ARC = YES;
				CLANG_WARN_BOOL_CONVERSION = YES;
				CLANG_WARN_CONSTANT_CONVERSION = YES;
				CLANG_WARN_DIRECT_OBJC_ISA_USAGE = YES_ERROR;
				CLANG_WARN_EMPTY_BODY = YES;
				CLANG_WARN_ENUM_CONVERSION = YES;
				CLANG_WARN_INT_CONVERSION = YES;
				CLANG_WARN_OBJC_ROOT_CLASS = YES_ERROR;
				CLANG_WARN_UNREACHABLE_CODE = YES;
				CLANG_WARN__DUPLICATE_METHOD_MATCH = YES;
				"CODE_SIGN_IDENTITY[sdk=iphoneos*]" = "iPhone Developer";
				COPY_PHASE_STRIP = NO;
				ENABLE_STRICT_OBJC_MSGSEND = YES;
				GCC_C_LANGUAGE_STANDARD = gnu99;
				GCC_DYNAMIC_NO_PIC = NO;
				GCC_OPTIMIZATION_LEVEL = 0;
				GCC_PREPROCESSOR_DEFINITIONS = (
					"DEBUG=1",
					"$(inherited)",
				);
				GCC_SYMBOLS_PRIVATE_EXTERN = NO;
				GCC_WARN_64_TO_32_BIT_CONVERSION = YES;
				GCC_WARN_ABOUT_RETURN_TYPE = YES_ERROR;
				GCC_WARN_UNDECLARED_SELECTOR = YES;
				GCC_WARN_UNINITIALIZED_AUTOS = YES_AGGRESSIVE;
				GCC_WARN_UNUSED_FUNCTION = YES;
				GCC_WARN_UNUSED_VARIABLE = YES;
				IPHONEOS_DEPLOYMENT_TARGET = 8.1;
				MTL_ENABLE_DEBUG_INFO = YES;
				ONLY_ACTIVE_ARCH = YES;
				SDKROOT = iphoneos;
				TARGETED_DEVICE_FAMILY = "1,2";
			};
			name = Debug;
		};
		D4AC44D21B31B15900488460 /* Release */ = {
			isa = XCBuildConfiguration;
			buildSettings = {
				ALWAYS_SEARCH_USER_PATHS = NO;
				CLANG_CXX_LANGUAGE_STANDARD = "gnu++0x";
				CLANG_CXX_LIBRARY = "libc++";
				CLANG_ENABLE_MODULES = YES;
				CLANG_ENABLE_OBJC_ARC = YES;
				CLANG_WARN_BOOL_CONVERSION = YES;
				CLANG_WARN_CONSTANT_CONVERSION = YES;
				CLANG_WARN_DIRECT_OBJC_ISA_USAGE = YES_ERROR;
				CLANG_WARN_EMPTY_BODY = YES;
				CLANG_WARN_ENUM_CONVERSION = YES;
				CLANG_WARN_INT_CONVERSION = YES;
				CLANG_WARN_OBJC_ROOT_CLASS = YES_ERROR;
				CLANG_WARN_UNREACHABLE_CODE = YES;
				CLANG_WARN__DUPLICATE_METHOD_MATCH = YES;
				"CODE_SIGN_IDENTITY[sdk=iphoneos*]" = "iPhone Developer";
				COPY_PHASE_STRIP = YES;
				ENABLE_NS_ASSERTIONS = NO;
				ENABLE_STRICT_OBJC_MSGSEND = YES;
				GCC_C_LANGUAGE_STANDARD = gnu99;
				GCC_WARN_64_TO_32_BIT_CONVERSION = YES;
				GCC_WARN_ABOUT_RETURN_TYPE = YES_ERROR;
				GCC_WARN_UNDECLARED_SELECTOR = YES;
				GCC_WARN_UNINITIALIZED_AUTOS = YES_AGGRESSIVE;
				GCC_WARN_UNUSED_FUNCTION = YES;
				GCC_WARN_UNUSED_VARIABLE = YES;
				IPHONEOS_DEPLOYMENT_TARGET = 8.1;
				MTL_ENABLE_DEBUG_INFO = NO;
				SDKROOT = iphoneos;
				TARGETED_DEVICE_FAMILY = "1,2";
				VALIDATE_PRODUCT = YES;
			};
			name = Release;
		};
		D4AC44D41B31B15900488460 /* Debug */ = {
			isa = XCBuildConfiguration;
			buildSettings = {
				ASSETCATALOG_COMPILER_APPICON_NAME = AppIcon;
				INFOPLIST_FILE = "瀑布流/Info.plist";
				IPHONEOS_DEPLOYMENT_TARGET = 7.0;
				LD_RUNPATH_SEARCH_PATHS = "$(inherited) @executable_path/Frameworks";
				PRODUCT_NAME = "$(TARGET_NAME)";
			};
			name = Debug;
		};
		D4AC44D51B31B15900488460 /* Release */ = {
			isa = XCBuildConfiguration;
			buildSettings = {
				ASSETCATALOG_COMPILER_APPICON_NAME = AppIcon;
				INFOPLIST_FILE = "瀑布流/Info.plist";
				IPHONEOS_DEPLOYMENT_TARGET = 7.0;
				LD_RUNPATH_SEARCH_PATHS = "$(inherited) @executable_path/Frameworks";
				PRODUCT_NAME = "$(TARGET_NAME)";
			};
			name = Release;
		};
		D4AC44D71B31B15900488460 /* Debug */ = {
			isa = XCBuildConfiguration;
			buildSettings = {
				BUNDLE_LOADER = "$(TEST_HOST)";
				FRAMEWORK_SEARCH_PATHS = (
					"$(SDKROOT)/Developer/Library/Frameworks",
					"$(inherited)",
				);
				GCC_PREPROCESSOR_DEFINITIONS = (
					"DEBUG=1",
					"$(inherited)",
				);
				INFOPLIST_FILE = "瀑布流Tests/Info.plist";
				LD_RUNPATH_SEARCH_PATHS = "$(inherited) @executable_path/Frameworks @loader_path/Frameworks";
				PRODUCT_NAME = "$(TARGET_NAME)";
				TEST_HOST = "$(BUILT_PRODUCTS_DIR)/瀑布流.app/瀑布流";
			};
			name = Debug;
		};
		D4AC44D81B31B15900488460 /* Release */ = {
			isa = XCBuildConfiguration;
			buildSettings = {
				BUNDLE_LOADER = "$(TEST_HOST)";
				FRAMEWORK_SEARCH_PATHS = (
					"$(SDKROOT)/Developer/Library/Frameworks",
					"$(inherited)",
				);
				INFOPLIST_FILE = "瀑布流Tests/Info.plist";
				LD_RUNPATH_SEARCH_PATHS = "$(inherited) @executable_path/Frameworks @loader_path/Frameworks";
				PRODUCT_NAME = "$(TARGET_NAME)";
				TEST_HOST = "$(BUILT_PRODUCTS_DIR)/瀑布流.app/瀑布流";
			};
			name = Release;
		};
/* End XCBuildConfiguration section */

/* Begin XCConfigurationList section */
		D4AC44AB1B31B15900488460 /* Build configuration list for PBXProject "瀑布流" */ = {
			isa = XCConfigurationList;
			buildConfigurations = (
				D4AC44D11B31B15900488460 /* Debug */,
				D4AC44D21B31B15900488460 /* Release */,
			);
			defaultConfigurationIsVisible = 0;
			defaultConfigurationName = Release;
		};
		D4AC44D31B31B15900488460 /* Build configuration list for PBXNativeTarget "瀑布流" */ = {
			isa = XCConfigurationList;
			buildConfigurations = (
				D4AC44D41B31B15900488460 /* Debug */,
				D4AC44D51B31B15900488460 /* Release */,
			);
			defaultConfigurationIsVisible = 0;
			defaultConfigurationName = Release;
		};
		D4AC44D61B31B15900488460 /* Build configuration list for PBXNativeTarget "瀑布流Tests" */ = {
			isa = XCConfigurationList;
			buildConfigurations = (
				D4AC44D71B31B15900488460 /* Debug */,
				D4AC44D81B31B15900488460 /* Release */,
			);
			defaultConfigurationIsVisible = 0;
			defaultConfigurationName = Release;
		};
/* End XCConfigurationList section */
	};
	rootObject = D4AC44A81B31B15900488460 /* Project object */;
}
